%{
  "libgraph": {:hex, :libgraph, "0.13.3", "20732b7bafb933dcf7351c479e03076ebd14a85fd3202c67a1c197f4f7c2466b", [:mix], [], "hexpm", "78f2576eef615440b46f10060b1de1c86640441422832052686df53dc3c148c6"},
  "sweet_xml": {:hex, :sweet_xml, "0.7.2", "4729f997286811fabdd8288f8474e0840a76573051062f066c4b597e76f14f9f", [:mix], [], "hexpm", "6894e68a120f454534d99045ea3325f7740ea71260bc315f82e29731d570a6e8"},
}
